// !$*UTF8*$!
{
	archiveVersion = 1;
	classes = {
	};
	objectVersion = 50;
	objects = {

/* Begin PBXBuildFile section */
		730B602A91D955AE1098B2CD /* libPods-IssueAnalyzer.a in Frameworks */ = {isa = PBXBuildFile; fileRef = 6F4D00A8F6142725D6321BF0 /* libPods-IssueAnalyzer.a */; };
		86FCF8FD2117EC81002E6887 /* Localizable.strings in Resources */ = {isa = PBXBuildFile; fileRef = 86FCF8FF2117EC81002E6887 /* Localizable.strings */; };
		86FCF9012117EEC2002E6887 /* MainWindowController.xib in Resources */ = {isa = PBXBuildFile; fileRef = 86FCF9032117EEC2002E6887 /* MainWindowController.xib */; };
		86FCF90B2117F3D6002E6887 /* DragDropView.m in Sources */ = {isa = PBXBuildFile; fileRef = 86FCF90A2117F3D6002E6887 /* DragDropView.m */; };
		86FCF911211829B1002E6887 /* DDFileReader.m in Sources */ = {isa = PBXBuildFile; fileRef = 86FCF910211829B1002E6887 /* DDFileReader.m */; };
		92F493A1AD544639EC69A5F7 /* libPods-IssueAnalyzerUITests.a in Frameworks */ = {isa = PBXBuildFile; fileRef = 82A074E62C88697F4D4F6B15 /* libPods-IssueAnalyzerUITests.a */; };
		9AA1C02321135EA60051E073 /* AppDelegate.m in Sources */ = {isa = PBXBuildFile; fileRef = 9AA1C02221135EA60051E073 /* AppDelegate.m */; };
		9AA1C02521135EA70051E073 /* Assets.xcassets in Resources */ = {isa = PBXBuildFile; fileRef = 9AA1C02421135EA70051E073 /* Assets.xcassets */; };
		9AA1C02821135EA70051E073 /* MainMenu.xib in Resources */ = {isa = PBXBuildFile; fileRef = 9AA1C02621135EA70051E073 /* MainMenu.xib */; };
		9AA1C02B21135EA70051E073 /* main.m in Sources */ = {isa = PBXBuildFile; fileRef = 9AA1C02A21135EA70051E073 /* main.m */; };
		9AA1C03621135EA80051E073 /* IssueAnalyzerTests.m in Sources */ = {isa = PBXBuildFile; fileRef = 9AA1C03521135EA80051E073 /* IssueAnalyzerTests.m */; };
		9AA1C04121135EA80051E073 /* IssueAnalyzerUITests.m in Sources */ = {isa = PBXBuildFile; fileRef = 9AA1C04021135EA80051E073 /* IssueAnalyzerUITests.m */; };
		9AA1C0522113630F0051E073 /* MainWindowController.m in Sources */ = {isa = PBXBuildFile; fileRef = 9AA1C0502113630F0051E073 /* MainWindowController.m */; };
		D2B6D78E6D72E7FAABF4A5C7 /* libPods-IssueAnalyzerTests.a in Frameworks */ = {isa = PBXBuildFile; fileRef = 707CF6424FB2520C732FCEC1 /* libPods-IssueAnalyzerTests.a */; };
/* End PBXBuildFile section */

/* Begin PBXContainerItemProxy section */
		9AA1C03221135EA80051E073 /* PBXContainerItemProxy */ = {
			isa = PBXContainerItemProxy;
			containerPortal = 9AA1C01621135EA60051E073 /* Project object */;
			proxyType = 1;
			remoteGlobalIDString = 9AA1C01D21135EA60051E073;
			remoteInfo = IssueAnalyzer;
		};
		9AA1C03D21135EA80051E073 /* PBXContainerItemProxy */ = {
			isa = PBXContainerItemProxy;
			containerPortal = 9AA1C01621135EA60051E073 /* Project object */;
			proxyType = 1;
			remoteGlobalIDString = 9AA1C01D21135EA60051E073;
			remoteInfo = IssueAnalyzer;
		};
/* End PBXContainerItemProxy section */

/* Begin PBXFileReference section */
		2AEEC155A644D76B0E7AE56C /* Pods-IssueAnalyzerUITests.debug.xcconfig */ = {isa = PBXFileReference; includeInIndex = 1; lastKnownFileType = text.xcconfig; name = "Pods-IssueAnalyzerUITests.debug.xcconfig"; path = "Pods/Target Support Files/Pods-IssueAnalyzerUITests/Pods-IssueAnalyzerUITests.debug.xcconfig"; sourceTree = "<group>"; };
		3A60A6B682FB5C388343854D /* Pods-IssueAnalyzerTests.debug.xcconfig */ = {isa = PBXFileReference; includeInIndex = 1; lastKnownFileType = text.xcconfig; name = "Pods-IssueAnalyzerTests.debug.xcconfig"; path = "Pods/Target Support Files/Pods-IssueAnalyzerTests/Pods-IssueAnalyzerTests.debug.xcconfig"; sourceTree = "<group>"; };
		6F4D00A8F6142725D6321BF0 /* libPods-IssueAnalyzer.a */ = {isa = PBXFileReference; explicitFileType = archive.ar; includeInIndex = 0; path = "libPods-IssueAnalyzer.a"; sourceTree = BUILT_PRODUCTS_DIR; };
		707CF6424FB2520C732FCEC1 /* libPods-IssueAnalyzerTests.a */ = {isa = PBXFileReference; explicitFileType = archive.ar; includeInIndex = 0; path = "libPods-IssueAnalyzerTests.a"; sourceTree = BUILT_PRODUCTS_DIR; };
		74F69ABB6DF71EB8602C6144 /* Pods-IssueAnalyzer.release.xcconfig */ = {isa = PBXFileReference; includeInIndex = 1; lastKnownFileType = text.xcconfig; name = "Pods-IssueAnalyzer.release.xcconfig"; path = "Pods/Target Support Files/Pods-IssueAnalyzer/Pods-IssueAnalyzer.release.xcconfig"; sourceTree = "<group>"; };
		82A074E62C88697F4D4F6B15 /* libPods-IssueAnalyzerUITests.a */ = {isa = PBXFileReference; explicitFileType = archive.ar; includeInIndex = 0; path = "libPods-IssueAnalyzerUITests.a"; sourceTree = BUILT_PRODUCTS_DIR; };
		86FCF8FA2117EBC3002E6887 /* zh-Hans */ = {isa = PBXFileReference; lastKnownFileType = text.plist.strings; name = "zh-Hans"; path = "zh-Hans.lproj/MainMenu.strings"; sourceTree = "<group>"; };
		86FCF8FE2117EC81002E6887 /* en */ = {isa = PBXFileReference; lastKnownFileType = text.plist.strings; name = en; path = en.lproj/Localizable.strings; sourceTree = "<group>"; };
		86FCF9002117EC8D002E6887 /* zh-Hans */ = {isa = PBXFileReference; lastKnownFileType = text.plist.strings; name = "zh-Hans"; path = "zh-Hans.lproj/Localizable.strings"; sourceTree = "<group>"; };
		86FCF9022117EEC2002E6887 /* Base */ = {isa = PBXFileReference; lastKnownFileType = file.xib; name = Base; path = Base.lproj/MainWindowController.xib; sourceTree = "<group>"; };
		86FCF9052117EEC4002E6887 /* en */ = {isa = PBXFileReference; lastKnownFileType = text.plist.strings; name = en; path = en.lproj/MainWindowController.strings; sourceTree = "<group>"; };
		86FCF9072117EEC5002E6887 /* zh-Hans */ = {isa = PBXFileReference; lastKnownFileType = text.plist.strings; name = "zh-Hans"; path = "zh-Hans.lproj/MainWindowController.strings"; sourceTree = "<group>"; };
		86FCF9092117F3D6002E6887 /* DragDropView.h */ = {isa = PBXFileReference; lastKnownFileType = sourcecode.c.h; path = DragDropView.h; sourceTree = "<group>"; };
		86FCF90A2117F3D6002E6887 /* DragDropView.m */ = {isa = PBXFileReference; lastKnownFileType = sourcecode.c.objc; path = DragDropView.m; sourceTree = "<group>"; };
		86FCF90F211829B1002E6887 /* DDFileReader.h */ = {isa = PBXFileReference; lastKnownFileType = sourcecode.c.h; path = DDFileReader.h; sourceTree = "<group>"; };
		86FCF910211829B1002E6887 /* DDFileReader.m */ = {isa = PBXFileReference; lastKnownFileType = sourcecode.c.objc; path = DDFileReader.m; sourceTree = "<group>"; };
		92C906BEFA79D9E726E4A350 /* Pods-IssueAnalyzer.debug.xcconfig */ = {isa = PBXFileReference; includeInIndex = 1; lastKnownFileType = text.xcconfig; name = "Pods-IssueAnalyzer.debug.xcconfig"; path = "Pods/Target Support Files/Pods-IssueAnalyzer/Pods-IssueAnalyzer.debug.xcconfig"; sourceTree = "<group>"; };
		9AA1C01E21135EA60051E073 /* IssueAnalyzer.app */ = {isa = PBXFileReference; explicitFileType = wrapper.application; includeInIndex = 0; path = IssueAnalyzer.app; sourceTree = BUILT_PRODUCTS_DIR; };
		9AA1C02121135EA60051E073 /* AppDelegate.h */ = {isa = PBXFileReference; lastKnownFileType = sourcecode.c.h; path = AppDelegate.h; sourceTree = "<group>"; };
		9AA1C02221135EA60051E073 /* AppDelegate.m */ = {isa = PBXFileReference; lastKnownFileType = sourcecode.c.objc; path = AppDelegate.m; sourceTree = "<group>"; };
		9AA1C02421135EA70051E073 /* Assets.xcassets */ = {isa = PBXFileReference; lastKnownFileType = folder.assetcatalog; path = Assets.xcassets; sourceTree = "<group>"; };
		9AA1C02721135EA70051E073 /* Base */ = {isa = PBXFileReference; lastKnownFileType = file.xib; name = Base; path = Base.lproj/MainMenu.xib; sourceTree = "<group>"; };
		9AA1C02921135EA70051E073 /* Info.plist */ = {isa = PBXFileReference; lastKnownFileType = text.plist.xml; path = Info.plist; sourceTree = "<group>"; };
		9AA1C02A21135EA70051E073 /* main.m */ = {isa = PBXFileReference; lastKnownFileType = sourcecode.c.objc; path = main.m; sourceTree = "<group>"; };
		9AA1C02C21135EA70051E073 /* IssueAnalyzer.entitlements */ = {isa = PBXFileReference; lastKnownFileType = text.plist.entitlements; path = IssueAnalyzer.entitlements; sourceTree = "<group>"; };
		9AA1C03121135EA80051E073 /* IssueAnalyzerTests.xctest */ = {isa = PBXFileReference; explicitFileType = wrapper.cfbundle; includeInIndex = 0; path = IssueAnalyzerTests.xctest; sourceTree = BUILT_PRODUCTS_DIR; };
		9AA1C03521135EA80051E073 /* IssueAnalyzerTests.m */ = {isa = PBXFileReference; lastKnownFileType = sourcecode.c.objc; path = IssueAnalyzerTests.m; sourceTree = "<group>"; };
		9AA1C03721135EA80051E073 /* Info.plist */ = {isa = PBXFileReference; lastKnownFileType = text.plist.xml; path = Info.plist; sourceTree = "<group>"; };
		9AA1C03C21135EA80051E073 /* IssueAnalyzerUITests.xctest */ = {isa = PBXFileReference; explicitFileType = wrapper.cfbundle; includeInIndex = 0; path = IssueAnalyzerUITests.xctest; sourceTree = BUILT_PRODUCTS_DIR; };
		9AA1C04021135EA80051E073 /* IssueAnalyzerUITests.m */ = {isa = PBXFileReference; lastKnownFileType = sourcecode.c.objc; path = IssueAnalyzerUITests.m; sourceTree = "<group>"; };
		9AA1C04221135EA80051E073 /* Info.plist */ = {isa = PBXFileReference; lastKnownFileType = text.plist.xml; path = Info.plist; sourceTree = "<group>"; };
		9AA1C04F2113630F0051E073 /* MainWindowController.h */ = {isa = PBXFileReference; lastKnownFileType = sourcecode.c.h; path = MainWindowController.h; sourceTree = "<group>"; };
		9AA1C0502113630F0051E073 /* MainWindowController.m */ = {isa = PBXFileReference; lastKnownFileType = sourcecode.c.objc; path = MainWindowController.m; sourceTree = "<group>"; };
		D14E2A5A4686DB57CCA20010 /* Pods-IssueAnalyzerTests.release.xcconfig */ = {isa = PBXFileReference; includeInIndex = 1; lastKnownFileType = text.xcconfig; name = "Pods-IssueAnalyzerTests.release.xcconfig"; path = "Pods/Target Support Files/Pods-IssueAnalyzerTests/Pods-IssueAnalyzerTests.release.xcconfig"; sourceTree = "<group>"; };
		E2C76D11574209AE5DCB0BC1 /* Pods-IssueAnalyzerUITests.release.xcconfig */ = {isa = PBXFileReference; includeInIndex = 1; lastKnownFileType = text.xcconfig; name = "Pods-IssueAnalyzerUITests.release.xcconfig"; path = "Pods/Target Support Files/Pods-IssueAnalyzerUITests/Pods-IssueAnalyzerUITests.release.xcconfig"; sourceTree = "<group>"; };
/* End PBXFileReference section */

/* Begin PBXFrameworksBuildPhase section */
		9AA1C01B21135EA60051E073 /* Frameworks */ = {
			isa = PBXFrameworksBuildPhase;
			buildActionMask = 2147483647;
			files = (
				730B602A91D955AE1098B2CD /* libPods-IssueAnalyzer.a in Frameworks */,
			);
			runOnlyForDeploymentPostprocessing = 0;
		};
		9AA1C02E21135EA80051E073 /* Frameworks */ = {
			isa = PBXFrameworksBuildPhase;
			buildActionMask = 2147483647;
			files = (
				D2B6D78E6D72E7FAABF4A5C7 /* libPods-IssueAnalyzerTests.a in Frameworks */,
			);
			runOnlyForDeploymentPostprocessing = 0;
		};
		9AA1C03921135EA80051E073 /* Frameworks */ = {
			isa = PBXFrameworksBuildPhase;
			buildActionMask = 2147483647;
			files = (
				92F493A1AD544639EC69A5F7 /* libPods-IssueAnalyzerUITests.a in Frameworks */,
			);
			runOnlyForDeploymentPostprocessing = 0;
		};
/* End PBXFrameworksBuildPhase section */

/* Begin PBXGroup section */
		24255701D9F06AA84FB40E52 /* Pods */ = {
			isa = PBXGroup;
			children = (
				92C906BEFA79D9E726E4A350 /* Pods-IssueAnalyzer.debug.xcconfig */,
				74F69ABB6DF71EB8602C6144 /* Pods-IssueAnalyzer.release.xcconfig */,
				3A60A6B682FB5C388343854D /* Pods-IssueAnalyzerTests.debug.xcconfig */,
				D14E2A5A4686DB57CCA20010 /* Pods-IssueAnalyzerTests.release.xcconfig */,
				2AEEC155A644D76B0E7AE56C /* Pods-IssueAnalyzerUITests.debug.xcconfig */,
				E2C76D11574209AE5DCB0BC1 /* Pods-IssueAnalyzerUITests.release.xcconfig */,
			);
			name = Pods;
			sourceTree = "<group>";
		};
		435FDAABA1F918510B92A99B /* Frameworks */ = {
			isa = PBXGroup;
			children = (
				6F4D00A8F6142725D6321BF0 /* libPods-IssueAnalyzer.a */,
				707CF6424FB2520C732FCEC1 /* libPods-IssueAnalyzerTests.a */,
				82A074E62C88697F4D4F6B15 /* libPods-IssueAnalyzerUITests.a */,
			);
			name = Frameworks;
			sourceTree = "<group>";
		};
		86FCF9082117F3A4002E6887 /* View */ = {
			isa = PBXGroup;
			children = (
				86FCF9092117F3D6002E6887 /* DragDropView.h */,
				86FCF90A2117F3D6002E6887 /* DragDropView.m */,
			);
			path = View;
			sourceTree = "<group>";
		};
		86FCF90E21182968002E6887 /* Util */ = {
			isa = PBXGroup;
			children = (
				86FCF90F211829B1002E6887 /* DDFileReader.h */,
				86FCF910211829B1002E6887 /* DDFileReader.m */,
			);
			path = Util;
			sourceTree = "<group>";
		};
		9AA1C01521135EA60051E073 = {
			isa = PBXGroup;
			children = (
				9AA1C02021135EA60051E073 /* IssueAnalyzer */,
				9AA1C03421135EA80051E073 /* IssueAnalyzerTests */,
				9AA1C03F21135EA80051E073 /* IssueAnalyzerUITests */,
				9AA1C01F21135EA60051E073 /* Products */,
				24255701D9F06AA84FB40E52 /* Pods */,
				435FDAABA1F918510B92A99B /* Frameworks */,
			);
			sourceTree = "<group>";
		};
		9AA1C01F21135EA60051E073 /* Products */ = {
			isa = PBXGroup;
			children = (
				9AA1C01E21135EA60051E073 /* IssueAnalyzer.app */,
				9AA1C03121135EA80051E073 /* IssueAnalyzerTests.xctest */,
				9AA1C03C21135EA80051E073 /* IssueAnalyzerUITests.xctest */,
			);
			name = Products;
			sourceTree = "<group>";
		};
		9AA1C02021135EA60051E073 /* IssueAnalyzer */ = {
			isa = PBXGroup;
			children = (
				86FCF90E21182968002E6887 /* Util */,
				86FCF9082117F3A4002E6887 /* View */,
				9AA1C04E211362DC0051E073 /* Controller */,
				9AA1C02121135EA60051E073 /* AppDelegate.h */,
				9AA1C02221135EA60051E073 /* AppDelegate.m */,
				9AA1C02621135EA70051E073 /* MainMenu.xib */,
				9AA1C02421135EA70051E073 /* Assets.xcassets */,
				9AA1C02921135EA70051E073 /* Info.plist */,
				9AA1C02A21135EA70051E073 /* main.m */,
				9AA1C02C21135EA70051E073 /* IssueAnalyzer.entitlements */,
				86FCF8FF2117EC81002E6887 /* Localizable.strings */,
			);
			path = IssueAnalyzer;
			sourceTree = "<group>";
		};
		9AA1C03421135EA80051E073 /* IssueAnalyzerTests */ = {
			isa = PBXGroup;
			children = (
				9AA1C03521135EA80051E073 /* IssueAnalyzerTests.m */,
				9AA1C03721135EA80051E073 /* Info.plist */,
			);
			path = IssueAnalyzerTests;
			sourceTree = "<group>";
		};
		9AA1C03F21135EA80051E073 /* IssueAnalyzerUITests */ = {
			isa = PBXGroup;
			children = (
				9AA1C04021135EA80051E073 /* IssueAnalyzerUITests.m */,
				9AA1C04221135EA80051E073 /* Info.plist */,
			);
			path = IssueAnalyzerUITests;
			sourceTree = "<group>";
		};
		9AA1C04E211362DC0051E073 /* Controller */ = {
			isa = PBXGroup;
			children = (
				9AA1C04F2113630F0051E073 /* MainWindowController.h */,
				9AA1C0502113630F0051E073 /* MainWindowController.m */,
				86FCF9032117EEC2002E6887 /* MainWindowController.xib */,
			);
			path = Controller;
			sourceTree = "<group>";
		};
/* End PBXGroup section */

/* Begin PBXNativeTarget section */
		9AA1C01D21135EA60051E073 /* IssueAnalyzer */ = {
			isa = PBXNativeTarget;
			buildConfigurationList = 9AA1C04521135EA80051E073 /* Build configuration list for PBXNativeTarget "IssueAnalyzer" */;
			buildPhases = (
				E72C99398A0A27F7446B68E9 /* [CP] Check Pods Manifest.lock */,
				9AA1C01A21135EA60051E073 /* Sources */,
				9AA1C01B21135EA60051E073 /* Frameworks */,
				9AA1C01C21135EA60051E073 /* Resources */,
			);
			buildRules = (
			);
			dependencies = (
			);
			name = IssueAnalyzer;
			productName = IssueAnalyzer;
			productReference = 9AA1C01E21135EA60051E073 /* IssueAnalyzer.app */;
			productType = "com.apple.product-type.application";
		};
		9AA1C03021135EA80051E073 /* IssueAnalyzerTests */ = {
			isa = PBXNativeTarget;
			buildConfigurationList = 9AA1C04821135EA80051E073 /* Build configuration list for PBXNativeTarget "IssueAnalyzerTests" */;
			buildPhases = (
				75DD61BE4008E7DB2D4541E7 /* [CP] Check Pods Manifest.lock */,
				9AA1C02D21135EA80051E073 /* Sources */,
				9AA1C02E21135EA80051E073 /* Frameworks */,
				9AA1C02F21135EA80051E073 /* Resources */,
			);
			buildRules = (
			);
			dependencies = (
				9AA1C03321135EA80051E073 /* PBXTargetDependency */,
			);
			name = IssueAnalyzerTests;
			productName = IssueAnalyzerTests;
			productReference = 9AA1C03121135EA80051E073 /* IssueAnalyzerTests.xctest */;
			productType = "com.apple.product-type.bundle.unit-test";
		};
		9AA1C03B21135EA80051E073 /* IssueAnalyzerUITests */ = {
			isa = PBXNativeTarget;
			buildConfigurationList = 9AA1C04B21135EA80051E073 /* Build configuration list for PBXNativeTarget "IssueAnalyzerUITests" */;
			buildPhases = (
				224B4E29323EF94FD7F0DC0F /* [CP] Check Pods Manifest.lock */,
				9AA1C03821135EA80051E073 /* Sources */,
				9AA1C03921135EA80051E073 /* Frameworks */,
				9AA1C03A21135EA80051E073 /* Resources */,
			);
			buildRules = (
			);
			dependencies = (
				9AA1C03E21135EA80051E073 /* PBXTargetDependency */,
			);
			name = IssueAnalyzerUITests;
			productName = IssueAnalyzerUITests;
			productReference = 9AA1C03C21135EA80051E073 /* IssueAnalyzerUITests.xctest */;
			productType = "com.apple.product-type.bundle.ui-testing";
		};
/* End PBXNativeTarget section */

/* Begin PBXProject section */
		9AA1C01621135EA60051E073 /* Project object */ = {
			isa = PBXProject;
			attributes = {
				LastUpgradeCheck = 0940;
				ORGANIZATIONNAME = yu;
				TargetAttributes = {
					9AA1C01D21135EA60051E073 = {
						CreatedOnToolsVersion = 9.4.1;
						SystemCapabilities = {
							com.apple.Sandbox = {
								enabled = 0;
							};
						};
					};
					9AA1C03021135EA80051E073 = {
						CreatedOnToolsVersion = 9.4.1;
						TestTargetID = 9AA1C01D21135EA60051E073;
					};
					9AA1C03B21135EA80051E073 = {
						CreatedOnToolsVersion = 9.4.1;
						TestTargetID = 9AA1C01D21135EA60051E073;
					};
				};
			};
			buildConfigurationList = 9AA1C01921135EA60051E073 /* Build configuration list for PBXProject "IssueAnalyzer" */;
			compatibilityVersion = "Xcode 9.3";
			developmentRegion = en;
			hasScannedForEncodings = 0;
			knownRegions = (
				en,
				Base,
				"zh-Hans",
			);
			mainGroup = 9AA1C01521135EA60051E073;
			productRefGroup = 9AA1C01F21135EA60051E073 /* Products */;
			projectDirPath = "";
			projectRoot = "";
			targets = (
				9AA1C01D21135EA60051E073 /* IssueAnalyzer */,
				9AA1C03021135EA80051E073 /* IssueAnalyzerTests */,
				9AA1C03B21135EA80051E073 /* IssueAnalyzerUITests */,
			);
		};
/* End PBXProject section */

/* Begin PBXResourcesBuildPhase section */
		9AA1C01C21135EA60051E073 /* Resources */ = {
			isa = PBXResourcesBuildPhase;
			buildActionMask = 2147483647;
			files = (
				9AA1C02521135EA70051E073 /* Assets.xcassets in Resources */,
				86FCF8FD2117EC81002E6887 /* Localizable.strings in Resources */,
				86FCF9012117EEC2002E6887 /* MainWindowController.xib in Resources */,
				9AA1C02821135EA70051E073 /* MainMenu.xib in Resources */,
			);
			runOnlyForDeploymentPostprocessing = 0;
		};
		9AA1C02F21135EA80051E073 /* Resources */ = {
			isa = PBXResourcesBuildPhase;
			buildActionMask = 2147483647;
			files = (
			);
			runOnlyForDeploymentPostprocessing = 0;
		};
		9AA1C03A21135EA80051E073 /* Resources */ = {
			isa = PBXResourcesBuildPhase;
			buildActionMask = 2147483647;
			files = (
			);
			runOnlyForDeploymentPostprocessing = 0;
		};
/* End PBXResourcesBuildPhase section */

/* Begin PBXShellScriptBuildPhase section */
		224B4E29323EF94FD7F0DC0F /* [CP] Check Pods Manifest.lock */ = {
			isa = PBXShellScriptBuildPhase;
			buildActionMask = 2147483647;
			files = (
			);
			inputPaths = (
				"${PODS_PODFILE_DIR_PATH}/Podfile.lock",
				"${PODS_ROOT}/Manifest.lock",
			);
			name = "[CP] Check Pods Manifest.lock";
			outputPaths = (
				"$(DERIVED_FILE_DIR)/Pods-IssueAnalyzerUITests-checkManifestLockResult.txt",
			);
			runOnlyForDeploymentPostprocessing = 0;
			shellPath = /bin/sh;
			shellScript = "diff \"${PODS_PODFILE_DIR_PATH}/Podfile.lock\" \"${PODS_ROOT}/Manifest.lock\" > /dev/null\nif [ $? != 0 ] ; then\n    # print error to STDERR\n    echo \"error: The sandbox is not in sync with the Podfile.lock. Run 'pod install' or update your CocoaPods installation.\" >&2\n    exit 1\nfi\n# This output is used by Xcode 'outputs' to avoid re-running this script phase.\necho \"SUCCESS\" > \"${SCRIPT_OUTPUT_FILE_0}\"\n";
			showEnvVarsInLog = 0;
		};
		75DD61BE4008E7DB2D4541E7 /* [CP] Check Pods Manifest.lock */ = {
			isa = PBXShellScriptBuildPhase;
			buildActionMask = 2147483647;
			files = (
			);
			inputPaths = (
				"${PODS_PODFILE_DIR_PATH}/Podfile.lock",
				"${PODS_ROOT}/Manifest.lock",
			);
			name = "[CP] Check Pods Manifest.lock";
			outputPaths = (
				"$(DERIVED_FILE_DIR)/Pods-IssueAnalyzerTests-checkManifestLockResult.txt",
			);
			runOnlyForDeploymentPostprocessing = 0;
			shellPath = /bin/sh;
			shellScript = "diff \"${PODS_PODFILE_DIR_PATH}/Podfile.lock\" \"${PODS_ROOT}/Manifest.lock\" > /dev/null\nif [ $? != 0 ] ; then\n    # print error to STDERR\n    echo \"error: The sandbox is not in sync with the Podfile.lock. Run 'pod install' or update your CocoaPods installation.\" >&2\n    exit 1\nfi\n# This output is used by Xcode 'outputs' to avoid re-running this script phase.\necho \"SUCCESS\" > \"${SCRIPT_OUTPUT_FILE_0}\"\n";
			showEnvVarsInLog = 0;
		};
		E72C99398A0A27F7446B68E9 /* [CP] Check Pods Manifest.lock */ = {
			isa = PBXShellScriptBuildPhase;
			buildActionMask = 2147483647;
			files = (
			);
			inputPaths = (
				"${PODS_PODFILE_DIR_PATH}/Podfile.lock",
				"${PODS_ROOT}/Manifest.lock",
			);
			name = "[CP] Check Pods Manifest.lock";
			outputPaths = (
				"$(DERIVED_FILE_DIR)/Pods-IssueAnalyzer-checkManifestLockResult.txt",
			);
			runOnlyForDeploymentPostprocessing = 0;
			shellPath = /bin/sh;
			shellScript = "diff \"${PODS_PODFILE_DIR_PATH}/Podfile.lock\" \"${PODS_ROOT}/Manifest.lock\" > /dev/null\nif [ $? != 0 ] ; then\n    # print error to STDERR\n    echo \"error: The sandbox is not in sync with the Podfile.lock. Run 'pod install' or update your CocoaPods installation.\" >&2\n    exit 1\nfi\n# This output is used by Xcode 'outputs' to avoid re-running this script phase.\necho \"SUCCESS\" > \"${SCRIPT_OUTPUT_FILE_0}\"\n";
			showEnvVarsInLog = 0;
		};
/* End PBXShellScriptBuildPhase section */

/* Begin PBXSourcesBuildPhase section */
		9AA1C01A21135EA60051E073 /* Sources */ = {
			isa = PBXSourcesBuildPhase;
			buildActionMask = 2147483647;
			files = (
				9AA1C0522113630F0051E073 /* MainWindowController.m in Sources */,
				9AA1C02B21135EA70051E073 /* main.m in Sources */,
				9AA1C02321135EA60051E073 /* AppDelegate.m in Sources */,
				86FCF911211829B1002E6887 /* DDFileReader.m in Sources */,
				86FCF90B2117F3D6002E6887 /* DragDropView.m in Sources */,
			);
			runOnlyForDeploymentPostprocessing = 0;
		};
		9AA1C02D21135EA80051E073 /* Sources */ = {
			isa = PBXSourcesBuildPhase;
			buildActionMask = 2147483647;
			files = (
				9AA1C03621135EA80051E073 /* IssueAnalyzerTests.m in Sources */,
			);
			runOnlyForDeploymentPostprocessing = 0;
		};
		9AA1C03821135EA80051E073 /* Sources */ = {
			isa = PBXSourcesBuildPhase;
			buildActionMask = 2147483647;
			files = (
				9AA1C04121135EA80051E073 /* IssueAnalyzerUITests.m in Sources */,
			);
			runOnlyForDeploymentPostprocessing = 0;
		};
/* End PBXSourcesBuildPhase section */

/* Begin PBXTargetDependency section */
		9AA1C03321135EA80051E073 /* PBXTargetDependency */ = {
			isa = PBXTargetDependency;
			target = 9AA1C01D21135EA60051E073 /* IssueAnalyzer */;
			targetProxy = 9AA1C03221135EA80051E073 /* PBXContainerItemProxy */;
		};
		9AA1C03E21135EA80051E073 /* PBXTargetDependency */ = {
			isa = PBXTargetDependency;
			target = 9AA1C01D21135EA60051E073 /* IssueAnalyzer */;
			targetProxy = 9AA1C03D21135EA80051E073 /* PBXContainerItemProxy */;
		};
/* End PBXTargetDependency section */

/* Begin PBXVariantGroup section */
		86FCF8FF2117EC81002E6887 /* Localizable.strings */ = {
			isa = PBXVariantGroup;
			children = (
				86FCF8FE2117EC81002E6887 /* en */,
				86FCF9002117EC8D002E6887 /* zh-Hans */,
			);
			name = Localizable.strings;
			sourceTree = "<group>";
		};
		86FCF9032117EEC2002E6887 /* MainWindowController.xib */ = {
			isa = PBXVariantGroup;
			children = (
				86FCF9022117EEC2002E6887 /* Base */,
				86FCF9052117EEC4002E6887 /* en */,
				86FCF9072117EEC5002E6887 /* zh-Hans */,
			);
			name = MainWindowController.xib;
			sourceTree = "<group>";
		};
		9AA1C02621135EA70051E073 /* MainMenu.xib */ = {
			isa = PBXVariantGroup;
			children = (
				9AA1C02721135EA70051E073 /* Base */,
				86FCF8FA2117EBC3002E6887 /* zh-Hans */,
			);
			name = MainMenu.xib;
			sourceTree = "<group>";
		};
/* End PBXVariantGroup section */

/* Begin XCBuildConfiguration section */
		9AA1C04321135EA80051E073 /* Debug */ = {
			isa = XCBuildConfiguration;
			buildSettings = {
				ALWAYS_SEARCH_USER_PATHS = NO;
				CLANG_ANALYZER_LOCALIZABILITY_NONLOCALIZED = YES;
				CLANG_ANALYZER_NONNULL = YES;
				CLANG_ANALYZER_NUMBER_OBJECT_CONVERSION = YES_AGGRESSIVE;
				CLANG_CXX_LANGUAGE_STANDARD = "gnu++14";
				CLANG_CXX_LIBRARY = "libc++";
				CLANG_ENABLE_MODULES = YES;
				CLANG_ENABLE_OBJC_ARC = YES;
				CLANG_ENABLE_OBJC_WEAK = YES;
				CLANG_WARN_BLOCK_CAPTURE_AUTORELEASING = YES;
				CLANG_WARN_BOOL_CONVERSION = YES;
				CLANG_WARN_COMMA = YES;
				CLANG_WARN_CONSTANT_CONVERSION = YES;
				CLANG_WARN_DEPRECATED_OBJC_IMPLEMENTATIONS = YES;
				CLANG_WARN_DIRECT_OBJC_ISA_USAGE = YES_ERROR;
				CLANG_WARN_DOCUMENTATION_COMMENTS = YES;
				CLANG_WARN_EMPTY_BODY = YES;
				CLANG_WARN_ENUM_CONVERSION = YES;
				CLANG_WARN_INFINITE_RECURSION = YES;
				CLANG_WARN_INT_CONVERSION = YES;
				CLANG_WARN_NON_LITERAL_NULL_CONVERSION = YES;
				CLANG_WARN_OBJC_IMPLICIT_RETAIN_SELF = YES;
				CLANG_WARN_OBJC_LITERAL_CONVERSION = YES;
				CLANG_WARN_OBJC_ROOT_CLASS = YES_ERROR;
				CLANG_WARN_RANGE_LOOP_ANALYSIS = YES;
				CLANG_WARN_STRICT_PROTOTYPES = YES;
				CLANG_WARN_SUSPICIOUS_MOVE = YES;
				CLANG_WARN_UNGUARDED_AVAILABILITY = YES_AGGRESSIVE;
				CLANG_WARN_UNREACHABLE_CODE = YES;
				CLANG_WARN__DUPLICATE_METHOD_MATCH = YES;
				CODE_SIGN_IDENTITY = "-";
				COPY_PHASE_STRIP = NO;
				DEBUG_INFORMATION_FORMAT = dwarf;
				ENABLE_STRICT_OBJC_MSGSEND = YES;
				ENABLE_TESTABILITY = YES;
				GCC_C_LANGUAGE_STANDARD = gnu11;
				GCC_DYNAMIC_NO_PIC = NO;
				GCC_NO_COMMON_BLOCKS = YES;
				GCC_OPTIMIZATION_LEVEL = 0;
				GCC_PREPROCESSOR_DEFINITIONS = (
					"DEBUG=1",
					"$(inherited)",
				);
				GCC_WARN_64_TO_32_BIT_CONVERSION = YES;
				GCC_WARN_ABOUT_RETURN_TYPE = YES_ERROR;
				GCC_WARN_UNDECLARED_SELECTOR = YES;
				GCC_WARN_UNINITIALIZED_AUTOS = YES_AGGRESSIVE;
				GCC_WARN_UNUSED_FUNCTION = YES;
				GCC_WARN_UNUSED_VARIABLE = YES;
				MACOSX_DEPLOYMENT_TARGET = 10.13;
				MTL_ENABLE_DEBUG_INFO = YES;
				ONLY_ACTIVE_ARCH = YES;
				SDKROOT = macosx;
			};
			name = Debug;
		};
		9AA1C04421135EA80051E073 /* Release */ = {
			isa = XCBuildConfiguration;
			buildSettings = {
				ALWAYS_SEARCH_USER_PATHS = NO;
				CLANG_ANALYZER_LOCALIZABILITY_NONLOCALIZED = YES;
				CLANG_ANALYZER_NONNULL = YES;
				CLANG_ANALYZER_NUMBER_OBJECT_CONVERSION = YES_AGGRESSIVE;
				CLANG_CXX_LANGUAGE_STANDARD = "gnu++14";
				CLANG_CXX_LIBRARY = "libc++";
				CLANG_ENABLE_MODULES = YES;
				CLANG_ENABLE_OBJC_ARC = YES;
				CLANG_ENABLE_OBJC_WEAK = YES;
				CLANG_WARN_BLOCK_CAPTURE_AUTORELEASING = YES;
				CLANG_WARN_BOOL_CONVERSION = YES;
				CLANG_WARN_COMMA = YES;
				CLANG_WARN_CONSTANT_CONVERSION = YES;
				CLANG_WARN_DEPRECATED_OBJC_IMPLEMENTATIONS = YES;
				CLANG_WARN_DIRECT_OBJC_ISA_USAGE = YES_ERROR;
				CLANG_WARN_DOCUMENTATION_COMMENTS = YES;
				CLANG_WARN_EMPTY_BODY = YES;
				CLANG_WARN_ENUM_CONVERSION = YES;
				CLANG_WARN_INFINITE_RECURSION = YES;
				CLANG_WARN_INT_CONVERSION = YES;
				CLANG_WARN_NON_LITERAL_NULL_CONVERSION = YES;
				CLANG_WARN_OBJC_IMPLICIT_RETAIN_SELF = YES;
				CLANG_WARN_OBJC_LITERAL_CONVERSION = YES;
				CLANG_WARN_OBJC_ROOT_CLASS = YES_ERROR;
				CLANG_WARN_RANGE_LOOP_ANALYSIS = YES;
				CLANG_WARN_STRICT_PROTOTYPES = YES;
				CLANG_WARN_SUSPICIOUS_MOVE = YES;
				CLANG_WARN_UNGUARDED_AVAILABILITY = YES_AGGRESSIVE;
				CLANG_WARN_UNREACHABLE_CODE = YES;
				CLANG_WARN__DUPLICATE_METHOD_MATCH = YES;
				CODE_SIGN_IDENTITY = "-";
				COPY_PHASE_STRIP = NO;
				DEBUG_INFORMATION_FORMAT = "dwarf-with-dsym";
				ENABLE_NS_ASSERTIONS = NO;
				ENABLE_STRICT_OBJC_MSGSEND = YES;
				GCC_C_LANGUAGE_STANDARD = gnu11;
				GCC_NO_COMMON_BLOCKS = YES;
				GCC_WARN_64_TO_32_BIT_CONVERSION = YES;
				GCC_WARN_ABOUT_RETURN_TYPE = YES_ERROR;
				GCC_WARN_UNDECLARED_SELECTOR = YES;
				GCC_WARN_UNINITIALIZED_AUTOS = YES_AGGRESSIVE;
				GCC_WARN_UNUSED_FUNCTION = YES;
				GCC_WARN_UNUSED_VARIABLE = YES;
				MACOSX_DEPLOYMENT_TARGET = 10.13;
				MTL_ENABLE_DEBUG_INFO = NO;
				SDKROOT = macosx;
			};
			name = Release;
		};
		9AA1C04621135EA80051E073 /* Debug */ = {
			isa = XCBuildConfiguration;
			baseConfigurationReference = 92C906BEFA79D9E726E4A350 /* Pods-IssueAnalyzer.debug.xcconfig */;
			buildSettings = {
				ASSETCATALOG_COMPILER_APPICON_NAME = AppIcon;
				CODE_SIGN_STYLE = Automatic;
				COMBINE_HIDPI_IMAGES = YES;
				INFOPLIST_FILE = IssueAnalyzer/Info.plist;
				LD_RUNPATH_SEARCH_PATHS = (
					"$(inherited)",
					"@executable_path/../Frameworks",
				);
				MACOSX_DEPLOYMENT_TARGET = 10.10;
				PRODUCT_BUNDLE_IDENTIFIER = yumumu.IssueAnalyzer;
				PRODUCT_NAME = "$(TARGET_NAME)";
			};
			name = Debug;
		};
		9AA1C04721135EA80051E073 /* Release */ = {
			isa = XCBuildConfiguration;
			baseConfigurationReference = 74F69ABB6DF71EB8602C6144 /* Pods-IssueAnalyzer.release.xcconfig */;
			buildSettings = {
				ASSETCATALOG_COMPILER_APPICON_NAME = AppIcon;
				CODE_SIGN_STYLE = Automatic;
				COMBINE_HIDPI_IMAGES = YES;
				INFOPLIST_FILE = IssueAnalyzer/Info.plist;
				LD_RUNPATH_SEARCH_PATHS = (
					"$(inherited)",
					"@executable_path/../Frameworks",
				);
				MACOSX_DEPLOYMENT_TARGET = 10.10;
				PRODUCT_BUNDLE_IDENTIFIER = yumumu.IssueAnalyzer;
				PRODUCT_NAME = "$(TARGET_NAME)";
			};
			name = Release;
		};
		9AA1C04921135EA80051E073 /* Debug */ = {
			isa = XCBuildConfiguration;
			baseConfigurationReference = 3A60A6B682FB5C388343854D /* Pods-IssueAnalyzerTests.debug.xcconfig */;
			buildSettings = {
				BUNDLE_LOADER = "$(TEST_HOST)";
				CODE_SIGN_STYLE = Automatic;
				COMBINE_HIDPI_IMAGES = YES;
				INFOPLIST_FILE = IssueAnalyzerTests/Info.plist;
				LD_RUNPATH_SEARCH_PATHS = (
					"$(inherited)",
					"@executable_path/../Frameworks",
					"@loader_path/../Frameworks",
				);
				PRODUCT_BUNDLE_IDENTIFIER = yumumu.IssueAnalyzerTests;
				PRODUCT_NAME = "$(TARGET_NAME)";
				TEST_HOST = "$(BUILT_PRODUCTS_DIR)/IssueAnalyzer.app/Contents/MacOS/IssueAnalyzer";
			};
			name = Debug;
		};
		9AA1C04A21135EA80051E073 /* Release */ = {
			isa = XCBuildConfiguration;
			baseConfigurationReference = D14E2A5A4686DB57CCA20010 /* Pods-IssueAnalyzerTests.release.xcconfig */;
			buildSettings = {
				BUNDLE_LOADER = "$(TEST_HOST)";
				CODE_SIGN_STYLE = Automatic;
				COMBINE_HIDPI_IMAGES = YES;
				INFOPLIST_FILE = IssueAnalyzerTests/Info.plist;
				LD_RUNPATH_SEARCH_PATHS = (
					"$(inherited)",
					"@executable_path/../Frameworks",
					"@loader_path/../Frameworks",
				);
				PRODUCT_BUNDLE_IDENTIFIER = yumumu.IssueAnalyzerTests;
				PRODUCT_NAME = "$(TARGET_NAME)";
				TEST_HOST = "$(BUILT_PRODUCTS_DIR)/IssueAnalyzer.app/Contents/MacOS/IssueAnalyzer";
			};
			name = Release;
		};
		9AA1C04C21135EA80051E073 /* Debug */ = {
			isa = XCBuildConfiguration;
			baseConfigurationReference = 2AEEC155A644D76B0E7AE56C /* Pods-IssueAnalyzerUITests.debug.xcconfig */;
			buildSettings = {
				CODE_SIGN_STYLE = Automatic;
				COMBINE_HIDPI_IMAGES = YES;
				INFOPLIST_FILE = IssueAnalyzerUITests/Info.plist;
				LD_RUNPATH_SEARCH_PATHS = (
					"$(inherited)",
					"@executable_path/../Frameworks",
					"@loader_path/../Frameworks",
				);
				PRODUCT_BUNDLE_IDENTIFIER = yumumu.IssueAnalyzerUITests;
				PRODUCT_NAME = "$(TARGET_NAME)";
				TEST_TARGET_NAME = IssueAnalyzer;
			};
			name = Debug;
		};
		9AA1C04D21135EA80051E073 /* Release */ = {
			isa = XCBuildConfiguration;
			baseConfigurationReference = E2C76D11574209AE5DCB0BC1 /* Pods-IssueAnalyzerUITests.release.xcconfig */;
			buildSettings = {
				CODE_SIGN_STYLE = Automatic;
				COMBINE_HIDPI_IMAGES = YES;
				INFOPLIST_FILE = IssueAnalyzerUITests/Info.plist;
				LD_RUNPATH_SEARCH_PATHS = (
					"$(inherited)",
					"@executable_path/../Frameworks",
					"@loader_path/../Frameworks",
				);
				PRODUCT_BUNDLE_IDENTIFIER = yumumu.IssueAnalyzerUITests;
				PRODUCT_NAME = "$(TARGET_NAME)";
				TEST_TARGET_NAME = IssueAnalyzer;
			};
			name = Release;
		};
/* End XCBuildConfiguration section */

/* Begin XCConfigurationList section */
		9AA1C01921135EA60051E073 /* Build configuration list for PBXProject "IssueAnalyzer" */ = {
			isa = XCConfigurationList;
			buildConfigurations = (
				9AA1C04321135EA80051E073 /* Debug */,
				9AA1C04421135EA80051E073 /* Release */,
			);
			defaultConfigurationIsVisible = 0;
			defaultConfigurationName = Release;
		};
		9AA1C04521135EA80051E073 /* Build configuration list for PBXNativeTarget "IssueAnalyzer" */ = {
			isa = XCConfigurationList;
			buildConfigurations = (
				9AA1C04621135EA80051E073 /* Debug */,
				9AA1C04721135EA80051E073 /* Release */,
			);
			defaultConfigurationIsVisible = 0;
			defaultConfigurationName = Release;
		};
		9AA1C04821135EA80051E073 /* Build configuration list for PBXNativeTarget "IssueAnalyzerTests" */ = {
			isa = XCConfigurationList;
			buildConfigurations = (
				9AA1C04921135EA80051E073 /* Debug */,
				9AA1C04A21135EA80051E073 /* Release */,
			);
			defaultConfigurationIsVisible = 0;
			defaultConfigurationName = Release;
		};
		9AA1C04B21135EA80051E073 /* Build configuration list for PBXNativeTarget "IssueAnalyzerUITests" */ = {
			isa = XCConfigurationList;
			buildConfigurations = (
				9AA1C04C21135EA80051E073 /* Debug */,
				9AA1C04D21135EA80051E073 /* Release */,
			);
			defaultConfigurationIsVisible = 0;
			defaultConfigurationName = Release;
		};
/* End XCConfigurationList section */
	};
	rootObject = 9AA1C01621135EA60051E073 /* Project object */;
}
